
Microsoft Visual Studio Solution File, Format Version 12.00
# Visual Studio Version 17
VisualStudioVersion = 17.0.32014.148
MinimumVisualStudioVersion = 10.0.40219.1
Project("{FAE04EC0-301F-11D3-BF4B-00C04F79EFBC}") = "DCYLabourClient", "DCYLabourClient\DCYLabourClient.csproj", "{0E6EDAC2-F99C-4378-8AE6-51044BC0BB5C}"
EndProject
Project("{FAE04EC0-301F-11D3-BF4B-00C04F79EFBC}") = "DCYLabourClient.BLL", "DCYLabourClient.BLL\DCYLabourClient.BLL.csproj", "{E2E23367-59A5-41EA-AF19-A180B3AA23B3}"
EndProject
Project("{FAE04EC0-301F-11D3-BF4B-00C04F79EFBC}") = "DCYLabourClient.DAL", "DCYLabourClient.DAL\DCYLabourClient.DAL.csproj", "{3FFB2C86-1224-49D1-95E9-E76F89DCDF60}"
EndProject
Project("{FAE04EC0-301F-11D3-BF4B-00C04F79EFBC}") = "DCYLabourClient.DBUtility", "DCYLabourClient.DBUtility\DCYLabourClient.DBUtility.csproj", "{CC6A0917-26E4-4048-ABE5-AD52350E1617}"
EndProject
Project("{FAE04EC0-301F-11D3-BF4B-00C04F79EFBC}") = "DCYLabourClient.MODEL", "DCYLabourClient.MODEL\DCYLabourClient.MODEL.csproj", "{A47AE251-F8F7-4BEA-9E77-157076CD68E6}"
EndProject
Global
	GlobalSection(SolutionConfigurationPlatforms) = preSolution
		Debug|Any CPU = Debug|Any CPU
		Release|Any CPU = Release|Any CPU
	EndGlobalSection
	GlobalSection(ProjectConfigurationPlatforms) = postSolution
		{0E6EDAC2-F99C-4378-8AE6-51044BC0BB5C}.Debug|Any CPU.ActiveCfg = Debug|Any CPU
		{0E6EDAC2-F99C-4378-8AE6-51044BC0BB5C}.Debug|Any CPU.Build.0 = Debug|Any CPU
		{0E6EDAC2-F99C-4378-8AE6-51044BC0BB5C}.Release|Any CPU.ActiveCfg = Release|Any CPU
		{0E6EDAC2-F99C-4378-8AE6-51044BC0BB5C}.Release|Any CPU.Build.0 = Release|Any CPU
		{E2E23367-59A5-41EA-AF19-A180B3AA23B3}.Debug|Any CPU.ActiveCfg = Debug|Any CPU
		{E2E23367-59A5-41EA-AF19-A180B3AA23B3}.Debug|Any CPU.Build.0 = Debug|Any CPU
		{E2E23367-59A5-41EA-AF19-A180B3AA23B3}.Release|Any CPU.ActiveCfg = Release|Any CPU
		{E2E23367-59A5-41EA-AF19-A180B3AA23B3}.Release|Any CPU.Build.0 = Release|Any CPU
		{3FFB2C86-1224-49D1-95E9-E76F89DCDF60}.Debug|Any CPU.ActiveCfg = Debug|Any CPU
		{3FFB2C86-1224-49D1-95E9-E76F89DCDF60}.Debug|Any CPU.Build.0 = Debug|Any CPU
		{3FFB2C86-1224-49D1-95E9-E76F89DCDF60}.Release|Any CPU.ActiveCfg = Release|Any CPU
		{3FFB2C86-1224-49D1-95E9-E76F89DCDF60}.Release|Any CPU.Build.0 = Release|Any CPU
		{CC6A0917-26E4-4048-ABE5-AD52350E1617}.Debug|Any CPU.ActiveCfg = Debug|Any CPU
		{CC6A0917-26E4-4048-ABE5-AD52350E1617}.Debug|Any CPU.Build.0 = Debug|Any CPU
		{CC6A0917-26E4-4048-ABE5-AD52350E1617}.Release|Any CPU.ActiveCfg = Release|Any CPU
		{CC6A0917-26E4-4048-ABE5-AD52350E1617}.Release|Any CPU.Build.0 = Release|Any CPU
		{A47AE251-F8F7-4BEA-9E77-157076CD68E6}.Debug|Any CPU.ActiveCfg = Debug|Any CPU
		{A47AE251-F8F7-4BEA-9E77-157076CD68E6}.Debug|Any CPU.Build.0 = Debug|Any CPU
		{A47AE251-F8F7-4BEA-9E77-157076CD68E6}.Release|Any CPU.ActiveCfg = Release|Any CPU
		{A47AE251-F8F7-4BEA-9E77-157076CD68E6}.Release|Any CPU.Build.0 = Release|Any CPU
	EndGlobalSection
	GlobalSection(SolutionProperties) = preSolution
		HideSolutionNode = FALSE
	EndGlobalSection
	GlobalSection(ExtensibilityGlobals) = postSolution
		SolutionGuid = {B003B5FC-BB16-4833-8585-93866BB591F3}
	EndGlobalSection
EndGlobal
